
Microsoft Visual Studio Solution File, Format Version 12.00
# Visual Studio Version 17
VisualStudioVersion = 17.4.33110.190
MinimumVisualStudioVersion = 10.0.40219.1
Project("{FAE04EC0-301F-11D3-BF4B-00C04F79EFBC}") = "CSWebApi", "CSWebApi\CSWebApi.csproj", "{2F89E1F2-A9E1-4FC9-AF4A-E9A89FD5206E}"
EndProject
Global
	GlobalSection(SolutionConfigurationPlatforms) = preSolution
		Debug|Any CPU = Debug|Any CPU
		Release|Any CPU = Release|Any CPU
	EndGlobalSection
	GlobalSection(ProjectConfigurationPlatforms) = postSolution
		{2F89E1F2-A9E1-4FC9-AF4A-E9A89FD5206E}.Debug|Any CPU.ActiveCfg = Debug|Any CPU
		{2F89E1F2-A9E1-4FC9-AF4A-E9A89FD5206E}.Debug|Any CPU.Build.0 = Debug|Any CPU
		{2F89E1F2-A9E1-4FC9-AF4A-E9A89FD5206E}.Release|Any CPU.ActiveCfg = Release|Any CPU
		{2F89E1F2-A9E1-4FC9-AF4A-E9A89FD5206E}.Release|Any CPU.Build.0 = Release|Any CPU
	EndGlobalSection
	GlobalSection(SolutionProperties) = preSolution
		HideSolutionNode = FALSE
	EndGlobalSection
	GlobalSection(ExtensibilityGlobals) = postSolution
		SolutionGuid = {904392FA-0109-4CAD-8DF1-8ABC76CA4CBB}
	EndGlobalSection
EndGlobal
